
Microsoft Visual Studio Solution File, Format Version 12.00
# Visual Studio Version 17
VisualStudioVersion = 17.14.36408.4 d17.14
MinimumVisualStudioVersion = 10.0.40219.1
Project("{FAE04EC0-301F-11D3-BF4B-00C04F79EFBC}") = "duan1", "duan1.csproj", "{77E92039-5067-4467-8050-F98DA8DC47FC}"
EndProject
Global
	GlobalSection(SolutionConfigurationPlatforms) = preSolution
		Debug|Any CPU = Debug|Any CPU
		Release|Any CPU = Release|Any CPU
	EndGlobalSection
	GlobalSection(ProjectConfigurationPlatforms) = postSolution
		{77E92039-5067-4467-8050-F98DA8DC47FC}.Debug|Any CPU.ActiveCfg = Debug|Any CPU
		{77E92039-5067-4467-8050-F98DA8DC47FC}.Debug|Any CPU.Build.0 = Debug|Any CPU
		{77E92039-5067-4467-8050-F98DA8DC47FC}.Release|Any CPU.ActiveCfg = Release|Any CPU
		{77E92039-5067-4467-8050-F98DA8DC47FC}.Release|Any CPU.Build.0 = Release|Any CPU
	EndGlobalSection
	GlobalSection(SolutionProperties) = preSolution
		HideSolutionNode = FALSE
	EndGlobalSection
	GlobalSection(ExtensibilityGlobals) = postSolution
		SolutionGuid = {47C7F057-4D0B-45BC-BA03-7B8E7D878AF5}
	EndGlobalSection
EndGlobal
